// !$*UTF8*$!
{
	archiveVersion = 1;
	classes = {
	};
	objectVersion = 55;
	objects = {

/* Begin PBXBuildFile section */
		B9F54AF328BE43A900B481C4 /* AppDelegate.swift in Sources */ = {isa = PBXBuildFile; fileRef = B9F54AF228BE43A900B481C4 /* AppDelegate.swift */; };
		B9F54AF528BE43A900B481C4 /* SceneDelegate.swift in Sources */ = {isa = PBXBuildFile; fileRef = B9F54AF428BE43A900B481C4 /* SceneDelegate.swift */; };
		B9F54AF728BE43A900B481C4 /* ViewController.swift in Sources */ = {isa = PBXBuildFile; fileRef = B9F54AF628BE43A900B481C4 /* ViewController.swift */; };
		B9F54AFA28BE43A900B481C4 /* Main.storyboard in Resources */ = {isa = PBXBuildFile; fileRef = B9F54AF828BE43A900B481C4 /* Main.storyboard */; };
		B9F54AFC28BE43AC00B481C4 /* Assets.xcassets in Resources */ = {isa = PBXBuildFile; fileRef = B9F54AFB28BE43AC00B481C4 /* Assets.xcassets */; };
		B9F54AFF28BE43AC00B481C4 /* LaunchScreen.storyboard in Resources */ = {isa = PBXBuildFile; fileRef = B9F54AFD28BE43AC00B481C4 /* LaunchScreen.storyboard */; };
		B9F54B0A28BE43AD00B481C4 /* Hello2AppTests.swift in Sources */ = {isa = PBXBuildFile; fileRef = B9F54B0928BE43AD00B481C4 /* Hello2AppTests.swift */; };
		B9F54B1428BE43AD00B481C4 /* Hello2AppUITests.swift in Sources */ = {isa = PBXBuildFile; fileRef = B9F54B1328BE43AD00B481C4 /* Hello2AppUITests.swift */; };
		B9F54B1628BE43AD00B481C4 /* Hello2AppUITestsLaunchTests.swift in Sources */ = {isa = PBXBuildFile; fileRef = B9F54B1528BE43AD00B481C4 /* Hello2AppUITestsLaunchTests.swift */; };
/* End PBXBuildFile section */

/* Begin PBXContainerItemProxy section */
		B9F54B0628BE43AD00B481C4 /* PBXContainerItemProxy */ = {
			isa = PBXContainerItemProxy;
			containerPortal = B9F54AE728BE43A900B481C4 /* Project object */;
			proxyType = 1;
			remoteGlobalIDString = B9F54AEE28BE43A900B481C4;
			remoteInfo = Hello2App;
		};
		B9F54B1028BE43AD00B481C4 /* PBXContainerItemProxy */ = {
			isa = PBXContainerItemProxy;
			containerPortal = B9F54AE728BE43A900B481C4 /* Project object */;
			proxyType = 1;
			remoteGlobalIDString = B9F54AEE28BE43A900B481C4;
			remoteInfo = Hello2App;
		};
/* End PBXContainerItemProxy section */

/* Begin PBXFileReference section */
		B9F54AEF28BE43A900B481C4 /* Hello2App.app */ = {isa = PBXFileReference; explicitFileType = wrapper.application; includeInIndex = 0; path = Hello2App.app; sourceTree = BUILT_PRODUCTS_DIR; };
		B9F54AF228BE43A900B481C4 /* AppDelegate.swift */ = {isa = PBXFileReference; lastKnownFileType = sourcecode.swift; path = AppDelegate.swift; sourceTree = "<group>"; };
		B9F54AF428BE43A900B481C4 /* SceneDelegate.swift */ = {isa = PBXFileReference; lastKnownFileType = sourcecode.swift; path = SceneDelegate.swift; sourceTree = "<group>"; };
		B9F54AF628BE43A900B481C4 /* ViewController.swift */ = {isa = PBXFileReference; lastKnownFileType = sourcecode.swift; path = ViewController.swift; sourceTree = "<group>"; };
		B9F54AF928BE43A900B481C4 /* Base */ = {isa = PBXFileReference; lastKnownFileType = file.storyboard; name = Base; path = Base.lproj/Main.storyboard; sourceTree = "<group>"; };
		B9F54AFB28BE43AC00B481C4 /* Assets.xcassets */ = {isa = PBXFileReference; lastKnownFileType = folder.assetcatalog; path = Assets.xcassets; sourceTree = "<group>"; };
		B9F54AFE28BE43AC00B481C4 /* Base */ = {isa = PBXFileReference; lastKnownFileType = file.storyboard; name = Base; path = Base.lproj/LaunchScreen.storyboard; sourceTree = "<group>"; };
		B9F54B0028BE43AC00B481C4 /* Info.plist */ = {isa = PBXFileReference; lastKnownFileType = text.plist.xml; path = Info.plist; sourceTree = "<group>"; };
		B9F54B0528BE43AD00B481C4 /* Hello2AppTests.xctest */ = {isa = PBXFileReference; explicitFileType = wrapper.cfbundle; includeInIndex = 0; path = Hello2AppTests.xctest; sourceTree = BUILT_PRODUCTS_DIR; };
		B9F54B0928BE43AD00B481C4 /* Hello2AppTests.swift */ = {isa = PBXFileReference; lastKnownFileType = sourcecode.swift; path = Hello2AppTests.swift; sourceTree = "<group>"; };
		B9F54B0F28BE43AD00B481C4 /* Hello2AppUITests.xctest */ = {isa = PBXFileReference; explicitFileType = wrapper.cfbundle; includeInIndex = 0; path = Hello2AppUITests.xctest; sourceTree = BUILT_PRODUCTS_DIR; };
		B9F54B1328BE43AD00B481C4 /* Hello2AppUITests.swift */ = {isa = PBXFileReference; lastKnownFileType = sourcecode.swift; path = Hello2AppUITests.swift; sourceTree = "<group>"; };
		B9F54B1528BE43AD00B481C4 /* Hello2AppUITestsLaunchTests.swift */ = {isa = PBXFileReference; lastKnownFileType = sourcecode.swift; path = Hello2AppUITestsLaunchTests.swift; sourceTree = "<group>"; };
/* End PBXFileReference section */

/* Begin PBXFrameworksBuildPhase section */
		B9F54AEC28BE43A900B481C4 /* Frameworks */ = {
			isa = PBXFrameworksBuildPhase;
			buildActionMask = 2147483647;
			files = (
			);
			runOnlyForDeploymentPostprocessing = 0;
		};
		B9F54B0228BE43AD00B481C4 /* Frameworks */ = {
			isa = PBXFrameworksBuildPhase;
			buildActionMask = 2147483647;
			files = (
			);
			runOnlyForDeploymentPostprocessing = 0;
		};
		B9F54B0C28BE43AD00B481C4 /* Frameworks */ = {
			isa = PBXFrameworksBuildPhase;
			buildActionMask = 2147483647;
			files = (
			);
			runOnlyForDeploymentPostprocessing = 0;
		};
/* End PBXFrameworksBuildPhase section */

/* Begin PBXGroup section */
		B9F54AE628BE43A900B481C4 = {
			isa = PBXGroup;
			children = (
				B9F54AF128BE43A900B481C4 /* Hello2App */,
				B9F54B0828BE43AD00B481C4 /* Hello2AppTests */,
				B9F54B1228BE43AD00B481C4 /* Hello2AppUITests */,
				B9F54AF028BE43A900B481C4 /* Products */,
			);
			sourceTree = "<group>";
		};
		B9F54AF028BE43A900B481C4 /* Products */ = {
			isa = PBXGroup;
			children = (
				B9F54AEF28BE43A900B481C4 /* Hello2App.app */,
				B9F54B0528BE43AD00B481C4 /* Hello2AppTests.xctest */,
				B9F54B0F28BE43AD00B481C4 /* Hello2AppUITests.xctest */,
			);
			name = Products;
			sourceTree = "<group>";
		};
		B9F54AF128BE43A900B481C4 /* Hello2App */ = {
			isa = PBXGroup;
			children = (
				B9F54AF228BE43A900B481C4 /* AppDelegate.swift */,
				B9F54AF428BE43A900B481C4 /* SceneDelegate.swift */,
				B9F54AF628BE43A900B481C4 /* ViewController.swift */,
				B9F54AF828BE43A900B481C4 /* Main.storyboard */,
				B9F54AFB28BE43AC00B481C4 /* Assets.xcassets */,
				B9F54AFD28BE43AC00B481C4 /* LaunchScreen.storyboard */,
				B9F54B0028BE43AC00B481C4 /* Info.plist */,
			);
			path = Hello2App;
			sourceTree = "<group>";
		};
		B9F54B0828BE43AD00B481C4 /* Hello2AppTests */ = {
			isa = PBXGroup;
			children = (
				B9F54B0928BE43AD00B481C4 /* Hello2AppTests.swift */,
			);
			path = Hello2AppTests;
			sourceTree = "<group>";
		};
		B9F54B1228BE43AD00B481C4 /* Hello2AppUITests */ = {
			isa = PBXGroup;
			children = (
				B9F54B1328BE43AD00B481C4 /* Hello2AppUITests.swift */,
				B9F54B1528BE43AD00B481C4 /* Hello2AppUITestsLaunchTests.swift */,
			);
			path = Hello2AppUITests;
			sourceTree = "<group>";
		};
/* End PBXGroup section */

/* Begin PBXNativeTarget section */
		B9F54AEE28BE43A900B481C4 /* Hello2App */ = {
			isa = PBXNativeTarget;
			buildConfigurationList = B9F54B1928BE43AD00B481C4 /* Build configuration list for PBXNativeTarget "Hello2App" */;
			buildPhases = (
				B9F54AEB28BE43A900B481C4 /* Sources */,
				B9F54AEC28BE43A900B481C4 /* Frameworks */,
				B9F54AED28BE43A900B481C4 /* Resources */,
			);
			buildRules = (
			);
			dependencies = (
			);
			name = Hello2App;
			productName = Hello2App;
			productReference = B9F54AEF28BE43A900B481C4 /* Hello2App.app */;
			productType = "com.apple.product-type.application";
		};
		B9F54B0428BE43AD00B481C4 /* Hello2AppTests */ = {
			isa = PBXNativeTarget;
			buildConfigurationList = B9F54B1C28BE43AD00B481C4 /* Build configuration list for PBXNativeTarget "Hello2AppTests" */;
			buildPhases = (
				B9F54B0128BE43AD00B481C4 /* Sources */,
				B9F54B0228BE43AD00B481C4 /* Frameworks */,
				B9F54B0328BE43AD00B481C4 /* Resources */,
			);
			buildRules = (
			);
			dependencies = (
				B9F54B0728BE43AD00B481C4 /* PBXTargetDependency */,
			);
			name = Hello2AppTests;
			productName = Hello2AppTests;
			productReference = B9F54B0528BE43AD00B481C4 /* Hello2AppTests.xctest */;
			productType = "com.apple.product-type.bundle.unit-test";
		};
		B9F54B0E28BE43AD00B481C4 /* Hello2AppUITests */ = {
			isa = PBXNativeTarget;
			buildConfigurationList = B9F54B1F28BE43AD00B481C4 /* Build configuration list for PBXNativeTarget "Hello2AppUITests" */;
			buildPhases = (
				B9F54B0B28BE43AD00B481C4 /* Sources */,
				B9F54B0C28BE43AD00B481C4 /* Frameworks */,
				B9F54B0D28BE43AD00B481C4 /* Resources */,
			);
			buildRules = (
			);
			dependencies = (
				B9F54B1128BE43AD00B481C4 /* PBXTargetDependency */,
			);
			name = Hello2AppUITests;
			productName = Hello2AppUITests;
			productReference = B9F54B0F28BE43AD00B481C4 /* Hello2AppUITests.xctest */;
			productType = "com.apple.product-type.bundle.ui-testing";
		};
/* End PBXNativeTarget section */

/* Begin PBXProject section */
		B9F54AE728BE43A900B481C4 /* Project object */ = {
			isa = PBXProject;
			attributes = {
				BuildIndependentTargetsInParallel = 1;
				LastSwiftUpdateCheck = 1340;
				LastUpgradeCheck = 1340;
				TargetAttributes = {
					B9F54AEE28BE43A900B481C4 = {
						CreatedOnToolsVersion = 13.4.1;
					};
					B9F54B0428BE43AD00B481C4 = {
						CreatedOnToolsVersion = 13.4.1;
						TestTargetID = B9F54AEE28BE43A900B481C4;
					};
					B9F54B0E28BE43AD00B481C4 = {
						CreatedOnToolsVersion = 13.4.1;
						TestTargetID = B9F54AEE28BE43A900B481C4;
					};
				};
			};
			buildConfigurationList = B9F54AEA28BE43A900B481C4 /* Build configuration list for PBXProject "Hello2App" */;
			compatibilityVersion = "Xcode 13.0";
			developmentRegion = en;
			hasScannedForEncodings = 0;
			knownRegions = (
				en,
				Base,
			);
			mainGroup = B9F54AE628BE43A900B481C4;
			productRefGroup = B9F54AF028BE43A900B481C4 /* Products */;
			projectDirPath = "";
			projectRoot = "";
			targets = (
				B9F54AEE28BE43A900B481C4 /* Hello2App */,
				B9F54B0428BE43AD00B481C4 /* Hello2AppTests */,
				B9F54B0E28BE43AD00B481C4 /* Hello2AppUITests */,
			);
		};
/* End PBXProject section */

/* Begin PBXResourcesBuildPhase section */
		B9F54AED28BE43A900B481C4 /* Resources */ = {
			isa = PBXResourcesBuildPhase;
			buildActionMask = 2147483647;
			files = (
				B9F54AFF28BE43AC00B481C4 /* LaunchScreen.storyboard in Resources */,
				B9F54AFC28BE43AC00B481C4 /* Assets.xcassets in Resources */,
				B9F54AFA28BE43A900B481C4 /* Main.storyboard in Resources */,
			);
			runOnlyForDeploymentPostprocessing = 0;
		};
		B9F54B0328BE43AD00B481C4 /* Resources */ = {
			isa = PBXResourcesBuildPhase;
			buildActionMask = 2147483647;
			files = (
			);
			runOnlyForDeploymentPostprocessing = 0;
		};
		B9F54B0D28BE43AD00B481C4 /* Resources */ = {
			isa = PBXResourcesBuildPhase;
			buildActionMask = 2147483647;
			files = (
			);
			runOnlyForDeploymentPostprocessing = 0;
		};
/* End PBXResourcesBuildPhase section */

/* Begin PBXSourcesBuildPhase section */
		B9F54AEB28BE43A900B481C4 /* Sources */ = {
			isa = PBXSourcesBuildPhase;
			buildActionMask = 2147483647;
			files = (
				B9F54AF728BE43A900B481C4 /* ViewController.swift in Sources */,
				B9F54AF328BE43A900B481C4 /* AppDelegate.swift in Sources */,
				B9F54AF528BE43A900B481C4 /* SceneDelegate.swift in Sources */,
			);
			runOnlyForDeploymentPostprocessing = 0;
		};
		B9F54B0128BE43AD00B481C4 /* Sources */ = {
			isa = PBXSourcesBuildPhase;
			buildActionMask = 2147483647;
			files = (
				B9F54B0A28BE43AD00B481C4 /* Hello2AppTests.swift in Sources */,
			);
			runOnlyForDeploymentPostprocessing = 0;
		};
		B9F54B0B28BE43AD00B481C4 /* Sources */ = {
			isa = PBXSourcesBuildPhase;
			buildActionMask = 2147483647;
			files = (
				B9F54B1628BE43AD00B481C4 /* Hello2AppUITestsLaunchTests.swift in Sources */,
				B9F54B1428BE43AD00B481C4 /* Hello2AppUITests.swift in Sources */,
			);
			runOnlyForDeploymentPostprocessing = 0;
		};
/* End PBXSourcesBuildPhase section */

/* Begin PBXTargetDependency section */
		B9F54B0728BE43AD00B481C4 /* PBXTargetDependency */ = {
			isa = PBXTargetDependency;
			target = B9F54AEE28BE43A900B481C4 /* Hello2App */;
			targetProxy = B9F54B0628BE43AD00B481C4 /* PBXContainerItemProxy */;
		};
		B9F54B1128BE43AD00B481C4 /* PBXTargetDependency */ = {
			isa = PBXTargetDependency;
			target = B9F54AEE28BE43A900B481C4 /* Hello2App */;
			targetProxy = B9F54B1028BE43AD00B481C4 /* PBXContainerItemProxy */;
		};
/* End PBXTargetDependency section */

/* Begin PBXVariantGroup section */
		B9F54AF828BE43A900B481C4 /* Main.storyboard */ = {
			isa = PBXVariantGroup;
			children = (
				B9F54AF928BE43A900B481C4 /* Base */,
			);
			name = Main.storyboard;
			sourceTree = "<group>";
		};
		B9F54AFD28BE43AC00B481C4 /* LaunchScreen.storyboard */ = {
			isa = PBXVariantGroup;
			children = (
				B9F54AFE28BE43AC00B481C4 /* Base */,
			);
			name = LaunchScreen.storyboard;
			sourceTree = "<group>";
		};
/* End PBXVariantGroup section */

/* Begin XCBuildConfiguration section */
		B9F54B1728BE43AD00B481C4 /* Debug */ = {
			isa = XCBuildConfiguration;
			buildSettings = {
				ALWAYS_SEARCH_USER_PATHS = NO;
				CLANG_ANALYZER_NONNULL = YES;
				CLANG_ANALYZER_NUMBER_OBJECT_CONVERSION = YES_AGGRESSIVE;
				CLANG_CXX_LANGUAGE_STANDARD = "gnu++17";
				CLANG_ENABLE_MODULES = YES;
				CLANG_ENABLE_OBJC_ARC = YES;
				CLANG_ENABLE_OBJC_WEAK = YES;
				CLANG_WARN_BLOCK_CAPTURE_AUTORELEASING = YES;
				CLANG_WARN_BOOL_CONVERSION = YES;
				CLANG_WARN_COMMA = YES;
				CLANG_WARN_CONSTANT_CONVERSION = YES;
				CLANG_WARN_DEPRECATED_OBJC_IMPLEMENTATIONS = YES;
				CLANG_WARN_DIRECT_OBJC_ISA_USAGE = YES_ERROR;
				CLANG_WARN_DOCUMENTATION_COMMENTS = YES;
				CLANG_WARN_EMPTY_BODY = YES;
				CLANG_WARN_ENUM_CONVERSION = YES;
				CLANG_WARN_INFINITE_RECURSION = YES;
				CLANG_WARN_INT_CONVERSION = YES;
				CLANG_WARN_NON_LITERAL_NULL_CONVERSION = YES;
				CLANG_WARN_OBJC_IMPLICIT_RETAIN_SELF = YES;
				CLANG_WARN_OBJC_LITERAL_CONVERSION = YES;
				CLANG_WARN_OBJC_ROOT_CLASS = YES_ERROR;
				CLANG_WARN_QUOTED_INCLUDE_IN_FRAMEWORK_HEADER = YES;
				CLANG_WARN_RANGE_LOOP_ANALYSIS = YES;
				CLANG_WARN_STRICT_PROTOTYPES = YES;
				CLANG_WARN_SUSPICIOUS_MOVE = YES;
				CLANG_WARN_UNGUARDED_AVAILABILITY = YES_AGGRESSIVE;
				CLANG_WARN_UNREACHABLE_CODE = YES;
				CLANG_WARN__DUPLICATE_METHOD_MATCH = YES;
				COPY_PHASE_STRIP = NO;
				DEBUG_INFORMATION_FORMAT = dwarf;
				ENABLE_STRICT_OBJC_MSGSEND = YES;
				ENABLE_TESTABILITY = YES;
				GCC_C_LANGUAGE_STANDARD = gnu11;
				GCC_DYNAMIC_NO_PIC = NO;
				GCC_NO_COMMON_BLOCKS = YES;
				GCC_OPTIMIZATION_LEVEL = 0;
				GCC_PREPROCESSOR_DEFINITIONS = (
					"DEBUG=1",
					"$(inherited)",
				);
				GCC_WARN_64_TO_32_BIT_CONVERSION = YES;
				GCC_WARN_ABOUT_RETURN_TYPE = YES_ERROR;
				GCC_WARN_UNDECLARED_SELECTOR = YES;
				GCC_WARN_UNINITIALIZED_AUTOS = YES_AGGRESSIVE;
				GCC_WARN_UNUSED_FUNCTION = YES;
				GCC_WARN_UNUSED_VARIABLE = YES;
				IPHONEOS_DEPLOYMENT_TARGET = 15.5;
				MTL_ENABLE_DEBUG_INFO = INCLUDE_SOURCE;
				MTL_FAST_MATH = YES;
				ONLY_ACTIVE_ARCH = YES;
				SDKROOT = iphoneos;
				SWIFT_ACTIVE_COMPILATION_CONDITIONS = DEBUG;
				SWIFT_OPTIMIZATION_LEVEL = "-Onone";
			};
			name = Debug;
		};
		B9F54B1828BE43AD00B481C4 /* Release */ = {
			isa = XCBuildConfiguration;
			buildSettings = {
				ALWAYS_SEARCH_USER_PATHS = NO;
				CLANG_ANALYZER_NONNULL = YES;
				CLANG_ANALYZER_NUMBER_OBJECT_CONVERSION = YES_AGGRESSIVE;
				CLANG_CXX_LANGUAGE_STANDARD = "gnu++17";
				CLANG_ENABLE_MODULES = YES;
				CLANG_ENABLE_OBJC_ARC = YES;
				CLANG_ENABLE_OBJC_WEAK = YES;
				CLANG_WARN_BLOCK_CAPTURE_AUTORELEASING = YES;
				CLANG_WARN_BOOL_CONVERSION = YES;
				CLANG_WARN_COMMA = YES;
				CLANG_WARN_CONSTANT_CONVERSION = YES;
				CLANG_WARN_DEPRECATED_OBJC_IMPLEMENTATIONS = YES;
				CLANG_WARN_DIRECT_OBJC_ISA_USAGE = YES_ERROR;
				CLANG_WARN_DOCUMENTATION_COMMENTS = YES;
				CLANG_WARN_EMPTY_BODY = YES;
				CLANG_WARN_ENUM_CONVERSION = YES;
				CLANG_WARN_INFINITE_RECURSION = YES;
				CLANG_WARN_INT_CONVERSION = YES;
				CLANG_WARN_NON_LITERAL_NULL_CONVERSION = YES;
				CLANG_WARN_OBJC_IMPLICIT_RETAIN_SELF = YES;
				CLANG_WARN_OBJC_LITERAL_CONVERSION = YES;
				CLANG_WARN_OBJC_ROOT_CLASS = YES_ERROR;
				CLANG_WARN_QUOTED_INCLUDE_IN_FRAMEWORK_HEADER = YES;
				CLANG_WARN_RANGE_LOOP_ANALYSIS = YES;
				CLANG_WARN_STRICT_PROTOTYPES = YES;
				CLANG_WARN_SUSPICIOUS_MOVE = YES;
				CLANG_WARN_UNGUARDED_AVAILABILITY = YES_AGGRESSIVE;
				CLANG_WARN_UNREACHABLE_CODE = YES;
				CLANG_WARN__DUPLICATE_METHOD_MATCH = YES;
				COPY_PHASE_STRIP = NO;
				DEBUG_INFORMATION_FORMAT = "dwarf-with-dsym";
				ENABLE_NS_ASSERTIONS = NO;
				ENABLE_STRICT_OBJC_MSGSEND = YES;
				GCC_C_LANGUAGE_STANDARD = gnu11;
				GCC_NO_COMMON_BLOCKS = YES;
				GCC_WARN_64_TO_32_BIT_CONVERSION = YES;
				GCC_WARN_ABOUT_RETURN_TYPE = YES_ERROR;
				GCC_WARN_UNDECLARED_SELECTOR = YES;
				GCC_WARN_UNINITIALIZED_AUTOS = YES_AGGRESSIVE;
				GCC_WARN_UNUSED_FUNCTION = YES;
				GCC_WARN_UNUSED_VARIABLE = YES;
				IPHONEOS_DEPLOYMENT_TARGET = 15.5;
				MTL_ENABLE_DEBUG_INFO = NO;
				MTL_FAST_MATH = YES;
				SDKROOT = iphoneos;
				SWIFT_COMPILATION_MODE = wholemodule;
				SWIFT_OPTIMIZATION_LEVEL = "-O";
				VALIDATE_PRODUCT = YES;
			};
			name = Release;
		};
		B9F54B1A28BE43AD00B481C4 /* Debug */ = {
			isa = XCBuildConfiguration;
			buildSettings = {
				ASSETCATALOG_COMPILER_APPICON_NAME = AppIcon;
				ASSETCATALOG_COMPILER_GLOBAL_ACCENT_COLOR_NAME = AccentColor;
				CODE_SIGN_STYLE = Automatic;
				CURRENT_PROJECT_VERSION = 1;
				GENERATE_INFOPLIST_FILE = YES;
				INFOPLIST_FILE = Hello2App/Info.plist;
				INFOPLIST_KEY_CFBundleDisplayName = Hello2App;
				INFOPLIST_KEY_UIApplicationSupportsIndirectInputEvents = YES;
				INFOPLIST_KEY_UILaunchStoryboardName = LaunchScreen;
				INFOPLIST_KEY_UIMainStoryboardFile = Main;
				INFOPLIST_KEY_UISupportedInterfaceOrientations_iPad = "UIInterfaceOrientationPortrait UIInterfaceOrientationPortraitUpsideDown UIInterfaceOrientationLandscapeLeft UIInterfaceOrientationLandscapeRight";
				INFOPLIST_KEY_UISupportedInterfaceOrientations_iPhone = "UIInterfaceOrientationPortrait UIInterfaceOrientationLandscapeLeft UIInterfaceOrientationLandscapeRight";
				LD_RUNPATH_SEARCH_PATHS = (
					"$(inherited)",
					"@executable_path/Frameworks",
				);
				MARKETING_VERSION = 1.0;
				PRODUCT_BUNDLE_IDENTIFIER = nwmissouri.edu.Hello2App;
				PRODUCT_NAME = "$(TARGET_NAME)";
				SWIFT_EMIT_LOC_STRINGS = YES;
				SWIFT_VERSION = 5.0;
				TARGETED_DEVICE_FAMILY = "1,2";
			};
			name = Debug;
		};
		B9F54B1B28BE43AD00B481C4 /* Release */ = {
			isa = XCBuildConfiguration;
			buildSettings = {
				ASSETCATALOG_COMPILER_APPICON_NAME = AppIcon;
				ASSETCATALOG_COMPILER_GLOBAL_ACCENT_COLOR_NAME = AccentColor;
				CODE_SIGN_STYLE = Automatic;
				CURRENT_PROJECT_VERSION = 1;
				GENERATE_INFOPLIST_FILE = YES;
				INFOPLIST_FILE = Hello2App/Info.plist;
				INFOPLIST_KEY_CFBundleDisplayName = Hello2App;
				INFOPLIST_KEY_UIApplicationSupportsIndirectInputEvents = YES;
				INFOPLIST_KEY_UILaunchStoryboardName = LaunchScreen;
				INFOPLIST_KEY_UIMainStoryboardFile = Main;
				INFOPLIST_KEY_UISupportedInterfaceOrientations_iPad = "UIInterfaceOrientationPortrait UIInterfaceOrientationPortraitUpsideDown UIInterfaceOrientationLandscapeLeft UIInterfaceOrientationLandscapeRight";
				INFOPLIST_KEY_UISupportedInterfaceOrientations_iPhone = "UIInterfaceOrientationPortrait UIInterfaceOrientationLandscapeLeft UIInterfaceOrientationLandscapeRight";
				LD_RUNPATH_SEARCH_PATHS = (
					"$(inherited)",
					"@executable_path/Frameworks",
				);
				MARKETING_VERSION = 1.0;
				PRODUCT_BUNDLE_IDENTIFIER = nwmissouri.edu.Hello2App;
				PRODUCT_NAME = "$(TARGET_NAME)";
				SWIFT_EMIT_LOC_STRINGS = YES;
				SWIFT_VERSION = 5.0;
				TARGETED_DEVICE_FAMILY = "1,2";
			};
			name = Release;
		};
		B9F54B1D28BE43AD00B481C4 /* Debug */ = {
			isa = XCBuildConfiguration;
			buildSettings = {
				ALWAYS_EMBED_SWIFT_STANDARD_LIBRARIES = YES;
				BUNDLE_LOADER = "$(TEST_HOST)";
				CODE_SIGN_STYLE = Automatic;
				CURRENT_PROJECT_VERSION = 1;
				GENERATE_INFOPLIST_FILE = YES;
				IPHONEOS_DEPLOYMENT_TARGET = 15.5;
				MARKETING_VERSION = 1.0;
				PRODUCT_BUNDLE_IDENTIFIER = nwmissouri.edu.Hello2AppTests;
				PRODUCT_NAME = "$(TARGET_NAME)";
				SWIFT_EMIT_LOC_STRINGS = NO;
				SWIFT_VERSION = 5.0;
				TARGETED_DEVICE_FAMILY = "1,2";
				TEST_HOST = "$(BUILT_PRODUCTS_DIR)/Hello2App.app/Hello2App";
			};
			name = Debug;
		};
		B9F54B1E28BE43AD00B481C4 /* Release */ = {
			isa = XCBuildConfiguration;
			buildSettings = {
				ALWAYS_EMBED_SWIFT_STANDARD_LIBRARIES = YES;
				BUNDLE_LOADER = "$(TEST_HOST)";
				CODE_SIGN_STYLE = Automatic;
				CURRENT_PROJECT_VERSION = 1;
				GENERATE_INFOPLIST_FILE = YES;
				IPHONEOS_DEPLOYMENT_TARGET = 15.5;
				MARKETING_VERSION = 1.0;
				PRODUCT_BUNDLE_IDENTIFIER = nwmissouri.edu.Hello2AppTests;
				PRODUCT_NAME = "$(TARGET_NAME)";
				SWIFT_EMIT_LOC_STRINGS = NO;
				SWIFT_VERSION = 5.0;
				TARGETED_DEVICE_FAMILY = "1,2";
				TEST_HOST = "$(BUILT_PRODUCTS_DIR)/Hello2App.app/Hello2App";
			};
			name = Release;
		};
		B9F54B2028BE43AD00B481C4 /* Debug */ = {
			isa = XCBuildConfiguration;
			buildSettings = {
				ALWAYS_EMBED_SWIFT_STANDARD_LIBRARIES = YES;
				CODE_SIGN_STYLE = Automatic;
				CURRENT_PROJECT_VERSION = 1;
				GENERATE_INFOPLIST_FILE = YES;
				MARKETING_VERSION = 1.0;
				PRODUCT_BUNDLE_IDENTIFIER = nwmissouri.edu.Hello2AppUITests;
				PRODUCT_NAME = "$(TARGET_NAME)";
				SWIFT_EMIT_LOC_STRINGS = NO;
				SWIFT_VERSION = 5.0;
				TARGETED_DEVICE_FAMILY = "1,2";
				TEST_TARGET_NAME = Hello2App;
			};
			name = Debug;
		};
		B9F54B2128BE43AD00B481C4 /* Release */ = {
			isa = XCBuildConfiguration;
			buildSettings = {
				ALWAYS_EMBED_SWIFT_STANDARD_LIBRARIES = YES;
				CODE_SIGN_STYLE = Automatic;
				CURRENT_PROJECT_VERSION = 1;
				GENERATE_INFOPLIST_FILE = YES;
				MARKETING_VERSION = 1.0;
				PRODUCT_BUNDLE_IDENTIFIER = nwmissouri.edu.Hello2AppUITests;
				PRODUCT_NAME = "$(TARGET_NAME)";
				SWIFT_EMIT_LOC_STRINGS = NO;
				SWIFT_VERSION = 5.0;
				TARGETED_DEVICE_FAMILY = "1,2";
				TEST_TARGET_NAME = Hello2App;
			};
			name = Release;
		};
/* End XCBuildConfiguration section */

/* Begin XCConfigurationList section */
		B9F54AEA28BE43A900B481C4 /* Build configuration list for PBXProject "Hello2App" */ = {
			isa = XCConfigurationList;
			buildConfigurations = (
				B9F54B1728BE43AD00B481C4 /* Debug */,
				B9F54B1828BE43AD00B481C4 /* Release */,
			);
			defaultConfigurationIsVisible = 0;
			defaultConfigurationName = Release;
		};
		B9F54B1928BE43AD00B481C4 /* Build configuration list for PBXNativeTarget "Hello2App" */ = {
			isa = XCConfigurationList;
			buildConfigurations = (
				B9F54B1A28BE43AD00B481C4 /* Debug */,
				B9F54B1B28BE43AD00B481C4 /* Release */,
			);
			defaultConfigurationIsVisible = 0;
			defaultConfigurationName = Release;
		};
		B9F54B1C28BE43AD00B481C4 /* Build configuration list for PBXNativeTarget "Hello2AppTests" */ = {
			isa = XCConfigurationList;
			buildConfigurations = (
				B9F54B1D28BE43AD00B481C4 /* Debug */,
				B9F54B1E28BE43AD00B481C4 /* Release */,
			);
			defaultConfigurationIsVisible = 0;
			defaultConfigurationName = Release;
		};
		B9F54B1F28BE43AD00B481C4 /* Build configuration list for PBXNativeTarget "Hello2AppUITests" */ = {
			isa = XCConfigurationList;
			buildConfigurations = (
				B9F54B2028BE43AD00B481C4 /* Debug */,
				B9F54B2128BE43AD00B481C4 /* Release */,
			);
			defaultConfigurationIsVisible = 0;
			defaultConfigurationName = Release;
		};
/* End XCConfigurationList section */
	};
	rootObject = B9F54AE728BE43A900B481C4 /* Project object */;
}
